
Microsoft Visual Studio Solution File, Format Version 12.00
# Visual Studio 15
VisualStudioVersion = 15.0.26730.3
MinimumVisualStudioVersion = 10.0.40219.1
Project("{FAE04EC0-301F-11D3-BF4B-00C04F79EFBC}") = "WellArchitectedFramework-Service", "WellArchitectedFramework-Service\WellArchitectedFramework-Service.csproj", "{17D128E1-2A01-49A2-95A9-D3042E1D788C}"
EndProject
Global
	GlobalSection(SolutionConfigurationPlatforms) = preSolution
		Debug|Any CPU = Debug|Any CPU
		Release|Any CPU = Release|Any CPU
	EndGlobalSection
	GlobalSection(ProjectConfigurationPlatforms) = postSolution
		{17D128E1-2A01-49A2-95A9-D3042E1D788C}.Debug|Any CPU.ActiveCfg = Debug|Any CPU
		{17D128E1-2A01-49A2-95A9-D3042E1D788C}.Debug|Any CPU.Build.0 = Debug|Any CPU
		{17D128E1-2A01-49A2-95A9-D3042E1D788C}.Release|Any CPU.ActiveCfg = Release|Any CPU
		{17D128E1-2A01-49A2-95A9-D3042E1D788C}.Release|Any CPU.Build.0 = Release|Any CPU
	EndGlobalSection
	GlobalSection(SolutionProperties) = preSolution
		HideSolutionNode = FALSE
	EndGlobalSection
	GlobalSection(ExtensibilityGlobals) = postSolution
		SolutionGuid = {648CF4F4-8DF7-4BA3-A99F-E9974275832A}
	EndGlobalSection
EndGlobal
